
Microsoft Visual Studio Solution File, Format Version 11.00
# Visual Studio 2010
Project("{FAE04EC0-301F-11D3-BF4B-00C04F79EFBC}") = "TucTuc.Core", "TucTuc.Core\TucTuc.Core.csproj", "{507A90C4-7193-4B8F-B63B-4C5FCBC0C2C4}"
EndProject
Project("{FAE04EC0-301F-11D3-BF4B-00C04F79EFBC}") = "TucTuc.Tests", "TucTuc.Tests\TucTuc.Tests.csproj", "{0BC2BC8A-136E-4B78-9B38-A0B0570AC0B1}"
EndProject
Project("{FAE04EC0-301F-11D3-BF4B-00C04F79EFBC}") = "TucTuc.Sample", "TucTuc.Sample\TucTuc.Sample.csproj", "{98D8B0A1-419B-4F03-9A21-B3FE40B9EE67}"
EndProject
Global
	GlobalSection(SolutionConfigurationPlatforms) = preSolution
		Debug|Any CPU = Debug|Any CPU
		Debug|Mixed Platforms = Debug|Mixed Platforms
		Debug|x86 = Debug|x86
		Release|Any CPU = Release|Any CPU
		Release|Mixed Platforms = Release|Mixed Platforms
		Release|x86 = Release|x86
	EndGlobalSection
	GlobalSection(ProjectConfigurationPlatforms) = postSolution
		{507A90C4-7193-4B8F-B63B-4C5FCBC0C2C4}.Debug|Any CPU.ActiveCfg = Debug|Any CPU
		{507A90C4-7193-4B8F-B63B-4C5FCBC0C2C4}.Debug|Any CPU.Build.0 = Debug|Any CPU
		{507A90C4-7193-4B8F-B63B-4C5FCBC0C2C4}.Debug|Mixed Platforms.ActiveCfg = Debug|Any CPU
		{507A90C4-7193-4B8F-B63B-4C5FCBC0C2C4}.Debug|Mixed Platforms.Build.0 = Debug|Any CPU
		{507A90C4-7193-4B8F-B63B-4C5FCBC0C2C4}.Debug|x86.ActiveCfg = Debug|Any CPU
		{507A90C4-7193-4B8F-B63B-4C5FCBC0C2C4}.Release|Any CPU.ActiveCfg = Release|Any CPU
		{507A90C4-7193-4B8F-B63B-4C5FCBC0C2C4}.Release|Any CPU.Build.0 = Release|Any CPU
		{507A90C4-7193-4B8F-B63B-4C5FCBC0C2C4}.Release|Mixed Platforms.ActiveCfg = Release|Any CPU
		{507A90C4-7193-4B8F-B63B-4C5FCBC0C2C4}.Release|Mixed Platforms.Build.0 = Release|Any CPU
		{507A90C4-7193-4B8F-B63B-4C5FCBC0C2C4}.Release|x86.ActiveCfg = Release|Any CPU
		{0BC2BC8A-136E-4B78-9B38-A0B0570AC0B1}.Debug|Any CPU.ActiveCfg = Debug|Any CPU
		{0BC2BC8A-136E-4B78-9B38-A0B0570AC0B1}.Debug|Any CPU.Build.0 = Debug|Any CPU
		{0BC2BC8A-136E-4B78-9B38-A0B0570AC0B1}.Debug|Mixed Platforms.ActiveCfg = Debug|Any CPU
		{0BC2BC8A-136E-4B78-9B38-A0B0570AC0B1}.Debug|Mixed Platforms.Build.0 = Debug|Any CPU
		{0BC2BC8A-136E-4B78-9B38-A0B0570AC0B1}.Debug|x86.ActiveCfg = Debug|Any CPU
		{0BC2BC8A-136E-4B78-9B38-A0B0570AC0B1}.Release|Any CPU.ActiveCfg = Release|Any CPU
		{0BC2BC8A-136E-4B78-9B38-A0B0570AC0B1}.Release|Any CPU.Build.0 = Release|Any CPU
		{0BC2BC8A-136E-4B78-9B38-A0B0570AC0B1}.Release|Mixed Platforms.ActiveCfg = Release|Any CPU
		{0BC2BC8A-136E-4B78-9B38-A0B0570AC0B1}.Release|Mixed Platforms.Build.0 = Release|Any CPU
		{0BC2BC8A-136E-4B78-9B38-A0B0570AC0B1}.Release|x86.ActiveCfg = Release|Any CPU
		{98D8B0A1-419B-4F03-9A21-B3FE40B9EE67}.Debug|Any CPU.ActiveCfg = Debug|x86
		{98D8B0A1-419B-4F03-9A21-B3FE40B9EE67}.Debug|Mixed Platforms.ActiveCfg = Debug|x86
		{98D8B0A1-419B-4F03-9A21-B3FE40B9EE67}.Debug|Mixed Platforms.Build.0 = Debug|x86
		{98D8B0A1-419B-4F03-9A21-B3FE40B9EE67}.Debug|x86.ActiveCfg = Debug|x86
		{98D8B0A1-419B-4F03-9A21-B3FE40B9EE67}.Debug|x86.Build.0 = Debug|x86
		{98D8B0A1-419B-4F03-9A21-B3FE40B9EE67}.Release|Any CPU.ActiveCfg = Release|x86
		{98D8B0A1-419B-4F03-9A21-B3FE40B9EE67}.Release|Mixed Platforms.ActiveCfg = Release|x86
		{98D8B0A1-419B-4F03-9A21-B3FE40B9EE67}.Release|Mixed Platforms.Build.0 = Release|x86
		{98D8B0A1-419B-4F03-9A21-B3FE40B9EE67}.Release|x86.ActiveCfg = Release|x86
		{98D8B0A1-419B-4F03-9A21-B3FE40B9EE67}.Release|x86.Build.0 = Release|x86
	EndGlobalSection
	GlobalSection(SolutionProperties) = preSolution
		HideSolutionNode = FALSE
	EndGlobalSection
EndGlobal
